
Microsoft Visual Studio Solution File, Format Version 12.00
# Visual Studio 15
VisualStudioVersion = 15.0.28306.52
MinimumVisualStudioVersion = 10.0.40219.1
Project("{FAE04EC0-301F-11D3-BF4B-00C04F79EFBC}") = "PIZZAProject", "PIZZAProject\PIZZAProject.csproj", "{51395F7C-B3B1-4D71-B32F-26471600E9FB}"
EndProject
Global
	GlobalSection(SolutionConfigurationPlatforms) = preSolution
		Debug|Any CPU = Debug|Any CPU
		Release|Any CPU = Release|Any CPU
	EndGlobalSection
	GlobalSection(ProjectConfigurationPlatforms) = postSolution
		{51395F7C-B3B1-4D71-B32F-26471600E9FB}.Debug|Any CPU.ActiveCfg = Debug|Any CPU
		{51395F7C-B3B1-4D71-B32F-26471600E9FB}.Debug|Any CPU.Build.0 = Debug|Any CPU
		{51395F7C-B3B1-4D71-B32F-26471600E9FB}.Release|Any CPU.ActiveCfg = Release|Any CPU
		{51395F7C-B3B1-4D71-B32F-26471600E9FB}.Release|Any CPU.Build.0 = Release|Any CPU
	EndGlobalSection
	GlobalSection(SolutionProperties) = preSolution
		HideSolutionNode = FALSE
	EndGlobalSection
	GlobalSection(ExtensibilityGlobals) = postSolution
		SolutionGuid = {378A0E72-8DF2-42F3-9EE8-694A3A93AB55}
	EndGlobalSection
EndGlobal
